
Microsoft Visual Studio Solution File, Format Version 12.00
# Visual Studio Version 17
VisualStudioVersion = 17.4.33205.214
MinimumVisualStudioVersion = 10.0.40219.1
Project("{FAE04EC0-301F-11D3-BF4B-00C04F79EFBC}") = "Progi", "Progi\Progi.csproj", "{EAE94308-D2B4-452C-BEFA-86FF9A574152}"
EndProject
Global
	GlobalSection(SolutionConfigurationPlatforms) = preSolution
		Debug|Any CPU = Debug|Any CPU
		Release|Any CPU = Release|Any CPU
	EndGlobalSection
	GlobalSection(ProjectConfigurationPlatforms) = postSolution
		{EAE94308-D2B4-452C-BEFA-86FF9A574152}.Debug|Any CPU.ActiveCfg = Debug|Any CPU
		{EAE94308-D2B4-452C-BEFA-86FF9A574152}.Debug|Any CPU.Build.0 = Debug|Any CPU
		{EAE94308-D2B4-452C-BEFA-86FF9A574152}.Release|Any CPU.ActiveCfg = Release|Any CPU
		{EAE94308-D2B4-452C-BEFA-86FF9A574152}.Release|Any CPU.Build.0 = Release|Any CPU
	EndGlobalSection
	GlobalSection(SolutionProperties) = preSolution
		HideSolutionNode = FALSE
	EndGlobalSection
	GlobalSection(ExtensibilityGlobals) = postSolution
		SolutionGuid = {E4904111-9ACC-4DFF-AD9A-940FE28454E5}
	EndGlobalSection
EndGlobal
